
Microsoft Visual Studio Solution File, Format Version 12.00
# Visual Studio Version 17
VisualStudioVersion = 17.3.32804.467
MinimumVisualStudioVersion = 10.0.40219.1
Project("{2150E333-8FDC-42A3-9474-1A3956D46DE8}") = "Web", "Web", "{F014B64C-0B9B-4A7D-94EC-FBEAABB86DBA}"
EndProject
Project("{FAE04EC0-301F-11D3-BF4B-00C04F79EFBC}") = "Northwind.Web", "Northwind.Web\Northwind.Web.csproj", "{1C9CC1D4-79C8-4F1A-9036-6674DE6789CE}"
EndProject
Global
	GlobalSection(SolutionConfigurationPlatforms) = preSolution
		Debug|Any CPU = Debug|Any CPU
		Release|Any CPU = Release|Any CPU
	EndGlobalSection
	GlobalSection(ProjectConfigurationPlatforms) = postSolution
		{1C9CC1D4-79C8-4F1A-9036-6674DE6789CE}.Debug|Any CPU.ActiveCfg = Debug|Any CPU
		{1C9CC1D4-79C8-4F1A-9036-6674DE6789CE}.Debug|Any CPU.Build.0 = Debug|Any CPU
		{1C9CC1D4-79C8-4F1A-9036-6674DE6789CE}.Release|Any CPU.ActiveCfg = Release|Any CPU
		{1C9CC1D4-79C8-4F1A-9036-6674DE6789CE}.Release|Any CPU.Build.0 = Release|Any CPU
	EndGlobalSection
	GlobalSection(SolutionProperties) = preSolution
		HideSolutionNode = FALSE
	EndGlobalSection
	GlobalSection(NestedProjects) = preSolution
		{1C9CC1D4-79C8-4F1A-9036-6674DE6789CE} = {F014B64C-0B9B-4A7D-94EC-FBEAABB86DBA}
	EndGlobalSection
	GlobalSection(ExtensibilityGlobals) = postSolution
		SolutionGuid = {70CCA141-683A-4613-AC13-37C5F63EB611}
	EndGlobalSection
EndGlobal
